{
  "version": 4,
  "terraform_version": "1.1.4",
  "serial": 25,
  "lineage": "4d4ec439-27f6-5e66-afa6-06278f5789fb",
  "outputs": {
    "random_pet": {
      "value": "tightly-generally-moderately-mostly-usually-arguably-ultimately-badly-willing-lizard",
      "type": "string"
    }
  },
  "resources": [
    {
      "mode": "managed",
      "type": "random_pet",
      "name": "pet",
      "provider": "provider[\"registry.terraform.io/hashicorp/random\"]",
      "instances": [
        {
          "schema_version": 0,
          "attributes": {
            "id": "tightly-generally-moderately-mostly-usually-arguably-ultimately-badly-willing-lizard",
            "keepers": {
              "some_id": "100"
            },
            "length": 10,
            "prefix": null,
            "separator": "-"
          },
          "sensitive_attributes": [],
          "private": "bnVsbA=="
        }
      ]
    },
    {
      "mode": "managed",
      "type": "random_string",
      "name": "random_suffix",
      "provider": "provider[\"registry.terraform.io/hashicorp/random\"]",
      "instances": [
        {
          "schema_version": 1,
          "attributes": {
            "id": "9qkUt",
            "keepers": null,
            "length": 5,
            "lower": true,
            "min_lower": 0,
            "min_numeric": 0,
            "min_special": 0,
            "min_upper": 0,
            "number": true,
            "override_special": "/@£$",
            "result": "9qkUt",
            "special": false,
            "upper": true
          },
          "sensitive_attributes": [],
          "private": "eyJzY2hlbWFfdmVyc2lvbiI6IjEifQ=="
        }
      ]
    }
  ]
}
