{
  "version": 4,
  "terraform_version": "1.1.4",
  "serial": 112,
  "lineage": "d36ac97e-5e90-945a-6a25-6e231d09cacc",
  "outputs": {
    "gp_database_ip": {
      "value": "104.199.35.98",
      "type": "string"
    },
    "gp_database_password": {
      "value": "aiRfl0wpAssW0rd!\u0026#",
      "type": "string",
      "sensitive": true
    },
    "gp_database_user": {
      "value": "u-airflow",
      "type": "string"
    },
    "gp_machine_static_external_ip": {
      "value": "34.140.68.94",
      "type": "string"
    }
  },
  "resources": [
    {
      "mode": "data",
      "type": "google_client_openid_userinfo",
      "name": "me",
      "provider": "provider[\"registry.terraform.io/hashicorp/google\"]",
      "instances": [
        {
          "schema_version": 0,
          "attributes": {
            "email": "terraform@scrape2h.iam.gserviceaccount.com",
            "id": "2022-02-10 20:45:13.0856776 +0000 UTC"
          },
          "sensitive_attributes": []
        }
      ]
    },
    {
      "mode": "managed",
      "type": "google_compute_address",
      "name": "gp_machine_static_external_ip",
      "provider": "provider[\"registry.terraform.io/hashicorp/google\"]",
      "instances": [
        {
          "schema_version": 0,
          "attributes": {
            "address": "34.140.68.94",
            "address_type": "EXTERNAL",
            "creation_timestamp": "2022-02-10T12:30:33.467-08:00",
            "description": "",
            "id": "projects/scrape2h/regions/europe-west1/addresses/gp-machine-static-external-ip",
            "name": "gp-machine-static-external-ip",
            "network_tier": "PREMIUM",
            "project": "scrape2h",
            "purpose": "",
            "region": "europe-west1",
            "self_link": "https://www.googleapis.com/compute/v1/projects/scrape2h/regions/europe-west1/addresses/gp-machine-static-external-ip",
            "subnetwork": "",
            "timeouts": null,
            "users": [
              "https://www.googleapis.com/compute/v1/projects/scrape2h/zones/europe-west1-b/instances/gp-machine"
            ]
          },
          "sensitive_attributes": [],
          "private": "eyJlMmJmYjczMC1lY2FhLTExZTYtOGY4OC0zNDM2M2JjN2M0YzAiOnsiY3JlYXRlIjoyNDAwMDAwMDAwMDAsImRlbGV0ZSI6MjQwMDAwMDAwMDAwfX0="
        }
      ]
    },
    {
      "mode": "managed",
      "type": "google_compute_address",
      "name": "gp_machine_static_internal_ip",
      "provider": "provider[\"registry.terraform.io/hashicorp/google\"]",
      "instances": [
        {
          "schema_version": 0,
          "attributes": {
            "address": "10.132.0.7",
            "address_type": "INTERNAL",
            "creation_timestamp": "2022-02-10T12:30:33.028-08:00",
            "description": "",
            "id": "projects/scrape2h/regions/europe-west1/addresses/gp-machine-static-internal-ip",
            "name": "gp-machine-static-internal-ip",
            "network_tier": "PREMIUM",
            "project": "scrape2h",
            "purpose": "GCE_ENDPOINT",
            "region": "europe-west1",
            "self_link": "https://www.googleapis.com/compute/v1/projects/scrape2h/regions/europe-west1/addresses/gp-machine-static-internal-ip",
            "subnetwork": "https://www.googleapis.com/compute/v1/projects/scrape2h/regions/europe-west1/subnetworks/default",
            "timeouts": null,
            "users": []
          },
          "sensitive_attributes": [],
          "private": "eyJlMmJmYjczMC1lY2FhLTExZTYtOGY4OC0zNDM2M2JjN2M0YzAiOnsiY3JlYXRlIjoyNDAwMDAwMDAwMDAsImRlbGV0ZSI6MjQwMDAwMDAwMDAwfX0="
        }
      ]
    },
    {
      "mode": "managed",
      "type": "google_compute_firewall",
      "name": "allow_ssh",
      "provider": "provider[\"registry.terraform.io/hashicorp/google\"]",
      "instances": [
        {
          "schema_version": 1,
          "attributes": {
            "allow": [
              {
                "ports": [
                  "22"
                ],
                "protocol": "tcp"
              }
            ],
            "creation_timestamp": "2022-02-10T12:31:10.000-08:00",
            "deny": [],
            "description": "",
            "destination_ranges": [],
            "direction": "INGRESS",
            "disabled": false,
            "enable_logging": false,
            "id": "projects/scrape2h/global/firewalls/allow-ssh",
            "name": "allow-ssh",
            "network": "https://www.googleapis.com/compute/v1/projects/scrape2h/global/networks/scrape2h-network",
            "priority": 1000,
            "project": "scrape2h",
            "self_link": "https://www.googleapis.com/compute/v1/projects/scrape2h/global/firewalls/allow-ssh",
            "source_ranges": [
              "0.0.0.0/0"
            ],
            "source_service_accounts": [],
            "source_tags": [],
            "target_service_accounts": [],
            "target_tags": [
              "allow-ssh"
            ],
            "timeouts": null
          },
          "sensitive_attributes": [],
          "private": "eyJlMmJmYjczMC1lY2FhLTExZTYtOGY4OC0zNDM2M2JjN2M0YzAiOnsiY3JlYXRlIjoyNDAwMDAwMDAwMDAsImRlbGV0ZSI6MjQwMDAwMDAwMDAwLCJ1cGRhdGUiOjI0MDAwMDAwMDAwMH0sInNjaGVtYV92ZXJzaW9uIjoiMSJ9",
          "dependencies": [
            "google_compute_network.scrape2h_network"
          ]
        }
      ]
    },
    {
      "mode": "managed",
      "type": "google_compute_instance",
      "name": "gp_machine",
      "provider": "provider[\"registry.terraform.io/hashicorp/google\"]",
      "instances": [
        {
          "schema_version": 6,
          "attributes": {
            "allow_stopping_for_update": null,
            "attached_disk": [],
            "boot_disk": [
              {
                "auto_delete": true,
                "device_name": "persistent-disk-0",
                "disk_encryption_key_raw": "",
                "disk_encryption_key_sha256": "",
                "initialize_params": [
                  {
                    "image": "https://www.googleapis.com/compute/v1/projects/debian-cloud/global/images/debian-10-buster-v20220118",
                    "labels": {},
                    "size": 20,
                    "type": "pd-standard"
                  }
                ],
                "kms_key_self_link": "",
                "mode": "READ_WRITE",
                "source": "https://www.googleapis.com/compute/v1/projects/scrape2h/zones/europe-west1-b/disks/gp-machine"
              }
            ],
            "can_ip_forward": false,
            "cpu_platform": "Intel Broadwell",
            "deletion_protection": false,
            "description": "",
            "enable_display": false,
            "guest_accelerator": [],
            "hostname": "",
            "id": "projects/scrape2h/zones/europe-west1-b/instances/gp-machine",
            "instance_id": "2878306571763894496",
            "label_fingerprint": "42WmSpB8rSM=",
            "labels": {},
            "machine_type": "e2-standard-2",
            "metadata": {
              "ssh-keys": "roel:ssh-rsa AAAAB3NzaC1yc2EAAAADAQABAAACAQC/lelEHrc3vUTCPpOnhJK6fuof6oslPz1fOQORrtUfk6DxrwsU5z6WiDy5iocT1APXbtrub/DQJYPDQfPuIcbHBx4hwPfwNdaLliX4EH4xCvoyW965KypcR1AmIX3wtmd6Tx2x+X8hA9HKtF0i62H2CThb2nBYSaSRLTSVIK79cmN++/D5ScwVzj7veewvxjOnAaMdyA/ijforwsk+qWOvtjhvlP6qWOrQ14XWgf+IXpT30V4Wm2hFhrilVwUzDSi95bmMXUgwjNO5gXN6A3iYp/9XSMf2+YpEg24Q4lF4YqtCvBbRh1GSnaQieziWV+1ZnaCzwmFZC1/dRJjN6lsdDRatLoiiLX+6USyv6aORG2lxrol+SjQv5jNG7145nuIjkTTjk4dxRzo+54ofXd5eIGY149HfKENEt0VNzuKnqwE0jSaJXFLoiWYkr6J4lmf/HLhV7avXFaFTkMM///bKGMgY4ZmV6b9Yau5VskK1/vkud8V+27zoJZQU8W6aV7+twSSJklZArhVGzv5JPg+zZuLIc72tWNKMgAWSzJJK5s9h/R0NAnsJdHoRUHUNKS5U8EpeWfFDySRw580UwWWipI8hvPorseeSDySSw754mJArfpDgqXGKauCHe5p1GJdCEfN9gXZn1SrBoSvGhkFqwtVd05AhFq5u5G2O4vatEQ==\n"
            },
            "metadata_fingerprint": "r8aSdH_pngg=",
            "metadata_startup_script": "",
            "min_cpu_platform": "",
            "name": "gp-machine",
            "network_interface": [
              {
                "access_config": [
                  {
                    "nat_ip": "34.140.68.94",
                    "network_tier": "PREMIUM",
                    "public_ptr_domain_name": ""
                  }
                ],
                "alias_ip_range": [],
                "name": "nic0",
                "network": "https://www.googleapis.com/compute/v1/projects/scrape2h/global/networks/scrape2h-network",
                "network_ip": "10.132.0.7",
                "subnetwork": "https://www.googleapis.com/compute/v1/projects/scrape2h/regions/europe-west1/subnetworks/scrape2h-network",
                "subnetwork_project": "scrape2h"
              }
            ],
            "project": "scrape2h",
            "scheduling": [
              {
                "automatic_restart": true,
                "node_affinities": [],
                "on_host_maintenance": "MIGRATE",
                "preemptible": false
              }
            ],
            "scratch_disk": [],
            "self_link": "https://www.googleapis.com/compute/v1/projects/scrape2h/zones/europe-west1-b/instances/gp-machine",
            "service_account": [
              {
                "email": "397473106270-compute@developer.gserviceaccount.com",
                "scopes": [
                  "https://www.googleapis.com/auth/cloud-platform"
                ]
              }
            ],
            "shielded_instance_config": [
              {
                "enable_integrity_monitoring": true,
                "enable_secure_boot": false,
                "enable_vtpm": true
              }
            ],
            "tags": [
              "allow-ssh"
            ],
            "tags_fingerprint": "SFX9LNAOdG8=",
            "timeouts": null,
            "zone": "europe-west1-b"
          },
          "sensitive_attributes": [],
          "private": "eyJlMmJmYjczMC1lY2FhLTExZTYtOGY4OC0zNDM2M2JjN2M0YzAiOnsiY3JlYXRlIjoxMjAwMDAwMDAwMDAwLCJkZWxldGUiOjEyMDAwMDAwMDAwMDAsInVwZGF0ZSI6MTIwMDAwMDAwMDAwMH0sInNjaGVtYV92ZXJzaW9uIjoiNiJ9",
          "dependencies": [
            "google_compute_address.gp_machine_static_external_ip",
            "google_compute_address.gp_machine_static_internal_ip",
            "google_compute_network.scrape2h_network",
            "tls_private_key.ssh"
          ]
        }
      ]
    },
    {
      "mode": "managed",
      "type": "google_compute_network",
      "name": "scrape2h_network",
      "provider": "provider[\"registry.terraform.io/hashicorp/google\"]",
      "instances": [
        {
          "schema_version": 0,
          "attributes": {
            "auto_create_subnetworks": true,
            "delete_default_routes_on_create": false,
            "description": "",
            "gateway_ipv4": "",
            "id": "projects/scrape2h/global/networks/scrape2h-network",
            "ipv4_range": null,
            "name": "scrape2h-network",
            "project": "scrape2h",
            "routing_mode": "REGIONAL",
            "self_link": "https://www.googleapis.com/compute/v1/projects/scrape2h/global/networks/scrape2h-network",
            "timeouts": null
          },
          "sensitive_attributes": [],
          "private": "eyJlMmJmYjczMC1lY2FhLTExZTYtOGY4OC0zNDM2M2JjN2M0YzAiOnsiY3JlYXRlIjoyNDAwMDAwMDAwMDAsImRlbGV0ZSI6MjQwMDAwMDAwMDAwLCJ1cGRhdGUiOjI0MDAwMDAwMDAwMH19"
        }
      ]
    },
    {
      "mode": "managed",
      "type": "google_sql_database_instance",
      "name": "gp_database",
      "provider": "provider[\"registry.terraform.io/hashicorp/google\"]",
      "instances": [
        {
          "schema_version": 0,
          "attributes": {
            "connection_name": "scrape2h:europe-west1:gp-database",
            "database_version": "POSTGRES_13",
            "first_ip_address": "104.199.35.98",
            "id": "gp-database",
            "ip_address": [
              {
                "ip_address": "104.199.35.98",
                "time_to_retire": "",
                "type": "PRIMARY"
              },
              {
                "ip_address": "34.79.231.70",
                "time_to_retire": "",
                "type": "OUTGOING"
              }
            ],
            "master_instance_name": "",
            "name": "gp-database",
            "private_ip_address": "",
            "project": "scrape2h",
            "public_ip_address": "104.199.35.98",
            "region": "europe-west1",
            "replica_configuration": [],
            "self_link": "https://www.googleapis.com/sql/v1beta4/projects/scrape2h/instances/gp-database",
            "server_ca_cert": [
              {
                "cert": "-----BEGIN CERTIFICATE-----\nMIIDfzCCAmegAwIBAgIBADANBgkqhkiG9w0BAQsFADB3MS0wKwYDVQQuEyRmMjM2\nODg2NS1jNDU2LTQ3ZjktYmRkNy05YjM0NmQxYzYxNjIxIzAhBgNVBAMTGkdvb2ds\nZSBDbG91ZCBTUUwgU2VydmVyIENBMRQwEgYDVQQKEwtHb29nbGUsIEluYzELMAkG\nA1UEBhMCVVMwHhcNMjIwMjEwMjA0NzAzWhcNMzIwMjA4MjA0ODAzWjB3MS0wKwYD\nVQQuEyRmMjM2ODg2NS1jNDU2LTQ3ZjktYmRkNy05YjM0NmQxYzYxNjIxIzAhBgNV\nBAMTGkdvb2dsZSBDbG91ZCBTUUwgU2VydmVyIENBMRQwEgYDVQQKEwtHb29nbGUs\nIEluYzELMAkGA1UEBhMCVVMwggEiMA0GCSqGSIb3DQEBAQUAA4IBDwAwggEKAoIB\nAQDP6N9FMoRPfK607Jj2Or0ZYkJa+0ws0cDp8gU5IFjpdkeByIrLYQpCwWqS/xOb\n8Rf340NGZPm5npxjeQ1S0iPaG9EyglAZ487fXIc6lRKCLms3ZYzpemWpK7lFZpaz\n7GEaPrYNkMzQRxZzmErTnxZJbxFofNwB0CollsnyZUGeIx95set4bxCaKYg0CRxD\ne6mCmvP3PKKUWhBFm/rPOhedd6WiNkqZY0It9nb726yiWNn5yskKuP0fkAzQAyA7\nthtWYptSSiuqS3isSg+bqZPmTfuJBZnoqz4CDlz4ZKmE+O/nww4FDaLovcY0HPnZ\n/BvdrPbsFyU/1GCkRCgBHYN7AgMBAAGjFjAUMBIGA1UdEwEB/wQIMAYBAf8CAQAw\nDQYJKoZIhvcNAQELBQADggEBAJTxhB+fSRuDl+V3CKpRWKfgekEyYFLTJHBL+e/D\niEQ4Xy9ePCBYEuq9c/jdG+2DsJQiN5Opwnw+CSTrd6SrwTbmJa8fjqVudQvSMIhw\nmFYOgKowHYJ1kTOfOYGd6ck5TdXxazzXbgk2egsHT6inPSp71j/9m3Z757kCWE2W\nHPxDOTHBMVTLRUg9VozGnuwFOV0Iiw3UsAwkz1KASARpjxJcJdQdlsmtiUFRMoJ6\n+9SKK9lNI5WWo3/wIu7JjGjV3PQJ84K4WlZo4yk3Wxpoh1YXLOeJDCBdZN5L2Mya\n/yySj0sdQQj72ae8yCPx/akr4xzC2jdZ9gkvDGNAivhkDIo=\n-----END CERTIFICATE-----",
                "common_name": "C=US,O=Google\\, Inc,CN=Google Cloud SQL Server CA,dnQualifier=f2368865-c456-47f9-bdd7-9b346d1c6162",
                "create_time": "2022-02-10T20:47:03.648Z",
                "expiration_time": "2032-02-08T20:48:03.648Z",
                "sha1_fingerprint": "d6b354e2a9845e9d4f7d1d5b4fb83f4b8098171d"
              }
            ],
            "service_account_email_address": "p397473106270-mrs4vo@gcp-sa-cloud-sql.iam.gserviceaccount.com",
            "settings": [
              {
                "activation_policy": "ALWAYS",
                "authorized_gae_applications": null,
                "availability_type": "ZONAL",
                "backup_configuration": [
                  {
                    "binary_log_enabled": false,
                    "enabled": false,
                    "location": "",
                    "start_time": "12:00"
                  }
                ],
                "crash_safe_replication": false,
                "database_flags": [],
                "disk_autoresize": true,
                "disk_size": 10,
                "disk_type": "PD_SSD",
                "ip_configuration": [
                  {
                    "authorized_networks": [
                      {
                        "expiration_time": "",
                        "name": "gp-machine",
                        "value": "34.140.68.94"
                      }
                    ],
                    "ipv4_enabled": true,
                    "private_network": "",
                    "require_ssl": false
                  }
                ],
                "location_preference": [
                  {
                    "follow_gae_application": "",
                    "zone": "europe-west1-d"
                  }
                ],
                "maintenance_window": [],
                "pricing_plan": "PER_USE",
                "replication_type": "SYNCHRONOUS",
                "tier": "db-custom-4-15360",
                "user_labels": null,
                "version": 1
              }
            ],
            "timeouts": null
          },
          "sensitive_attributes": [],
          "private": "eyJlMmJmYjczMC1lY2FhLTExZTYtOGY4OC0zNDM2M2JjN2M0YzAiOnsiY3JlYXRlIjoxMjAwMDAwMDAwMDAwLCJkZWxldGUiOjEyMDAwMDAwMDAwMDAsInVwZGF0ZSI6MTIwMDAwMDAwMDAwMH19",
          "dependencies": [
            "google_compute_address.gp_machine_static_external_ip",
            "google_compute_instance.gp_machine"
          ]
        }
      ]
    },
    {
      "mode": "managed",
      "type": "google_sql_user",
      "name": "u_airflow",
      "provider": "provider[\"registry.terraform.io/hashicorp/google\"]",
      "instances": [
        {
          "schema_version": 1,
          "attributes": {
            "host": "",
            "id": "u-airflow//gp-database",
            "instance": "gp-database",
            "name": "u-airflow",
            "password": "aiRfl0wpAssW0rd!\u0026#",
            "project": "scrape2h"
          },
          "sensitive_attributes": [],
          "private": "eyJzY2hlbWFfdmVyc2lvbiI6IjEifQ==",
          "dependencies": [
            "google_compute_address.gp_machine_static_external_ip",
            "google_compute_instance.gp_machine",
            "google_sql_database_instance.gp_database"
          ]
        }
      ]
    },
    {
      "mode": "managed",
      "type": "local_file",
      "name": "ssh_private_key_pem",
      "provider": "provider[\"registry.terraform.io/hashicorp/local\"]",
      "instances": [
        {
          "schema_version": 0,
          "attributes": {
            "content": "-----BEGIN RSA PRIVATE KEY-----\nMIIJKAIBAAKCAgEAv5XpRB63N71Ewj6Tp4SSun7qH+qLJT89XzkDka7VH5Og8a8L\nFOc+log8uYqHE9QD127a7m/w0CWDw0Hz7iHGxwceIcD38DXWi5Yl+BB+MQr6Mlve\nuSsqXEdQJiF98LZnek8dsfl/IQPRyrRdIuth9gk4W9pwWEmkkS00lSCu/XJjfvvw\n+UnMFc4+73nsL8YzpwGjHcgP4o36K8LJPqljr7Y4b5T+qljq0NeF1oH/iF6U99Fe\nFptoRYa4pVcFMw0oveW5jF1IMIzTuYFzegN4mKf/V0jH9vmKRINuEOJReGKrQrwW\n0YdRkp2kIns4llftWZ2gs8JhWQtf3USYzepbHQ0WrS6Ioi1/ulEsr+mjkRtpca6J\nfko0L+YzRu9eOZ7iI5E045OHcUc6PueKH13eXiBmNePR3yhDRLdFTc7ip6sBNI0m\niVxS6IlmJK+ieJZn/xy4Ve2r1xWhU5DDP//2yhjIGOGZlem/WGruVbJCtf75LnfF\nftu86CWUFPFumle/rcEkiZJWQK4VRs7+ST4Ps2biyHO9rVjSjIAFksySSubPYf0d\nDQJ7CXR6EVB1DSkuVPBKXlnxQ8kkcOfNFMFloqSPIbz6K7Hnkg8kksO+eJiQK36Q\n4Klximrgh3uadRiXQhHzfYF2Z9UqwaErxoZBasLVXdOQIRaubuRtjuL2rRECAwEA\nAQKCAgEAta8uxaDzU3Kz8Blz4RsCIsYUtSuxxSLRyqnAzrkj94wCxu+e7LXXTt3n\n6HSMYKtg8T55dEDH+Dx7VgIHl76ESV5gntXmyu/jhABiBXtukIe+eV9SOfvLcjNW\nuLJuQoZYX08D9DGM8/wxSa/92w2pmq9nuQPQIonD/MEH6pxSFpwR6ux1u5LWbZ9n\nY6cV6sBlX21YCPgeyFSn+DQCsN/mX03I+1gqodUs6dxZWfFyKRq43sK4HWxHWBfI\np1N85MsH5f4jFg+oVBJY/sTag80i4nH+3gFxUK+ZBhw1luFpLWc0zlactRtEqmvA\nqcp9AWZk+eVX7uDZfJ4izS0uU6h5udED8YiQ5iaVuwrr+mGwqQAgedJJAEma/hze\nMNOvZ0xh0RYBRioG07mSUhzWwvE0rXIuoUlXf4dlrbnEvx3faE04JC0aCmLuGfSh\nLt4wvCExRBx8ibD+oFwh2VlQpvj6q7oFsofhz2vwO1N/lAs2FnFYltyeKXQz4s0r\nsP1Rs1P/QKvs0D2f2T2B/BkfJ1ajdTLRHNlX19OzU8qRbwW7v93BYngRldZn3Yez\nPuhYflJO1qb639Uao3LXKL9tfFMbK7Ss9HcU0F6Rh4FjDxhiDsnGsKFtAa/1/jM6\n/PSomlVqDSgPtHi+cXO9Zx+Iwpt43nBD1tERWeSLjsbkN1Y9a9kCggEBANnJGR2+\nNzoP7cBRLtWOlxzpLuHCRybxCev0KqzMwrOfIpOxGBmcit8jJOS83ZLnrwwKhr6K\nvrBm7ehxbDJ9ZnpiLr09hdd/p6tSkMrwrYDCzpbk2fUFgY2GcFiMIU8wl7yoe6B2\nhMyKromvkOFPIy8QyeuWSY90JwWF7+saHmdFLFutl9s8nzk2vG7RaOm+m2tuohfj\nGZK3TqssMOKyybPttla2pHsZmyD/PumEmKb9tT2hI+dxJURLNgC0S/CD+7E1YSom\n6yYkjt/LRoH8cfUfWSFXsazyBmPA8fMrb6YOB9NQglc/EL50b5QIMDu3ZAnJestJ\nwo725t0rjx/u3A8CggEBAOEz6hHRlP4D1OZwb6GmZKqfXC/MEtJRPrV/gDr0il6/\nXnHFFu6jvXQE1Kpxtzxc8wx/p29Rps3DUtCQX9dewyTWvVxizvSfdv9L0k7aTIOg\neNJW1y+Scy11wZ6j2HhegjesEF4b7WDK9HPbA+A5c2TsUk2rUti/QXzKNlqFWZ7c\nZ5kP6tv7XDe4iAosGZoKgpDquQECUkhWm4yDZxtlxXyXWFtCgcVADOEGMS766BP5\ntFfpZmfyCsY3NETDcDqWRzMLjRn9wULWlgBOh1W201Lj8JKqZ2OKwHuBv7rpGRyc\nWItH219B+6lBv1OIyr4OckZ2Cfp95ggJTk1JPUx/RN8CggEAFbn0IX16cPZp14fB\nzlg9RwsUPD1vb7kYLkvbfgWnXtf/URCXwOZXDE+rPI6C5EbstZzPOG8K+vopvcii\n7J6J/KeS1hovIgKALZ09CKHeDTxh87e87q6v7/h7eLnyEL5eRNniC24HbYhgRSgY\nogGNFwLrwe7qQ79orSphdujSI6dI95Rn091GXSTSw5NsjfUP+DW/QfbL9FEJLhZo\nghUn/iU2zYvG+OjjCvWrxwwNVot060MKG+qztw5xwrw53zKrh1A180iSqOl4v2a+\nD/WpQLTx5VukRAaZEJaNDJ9GsiAwM6qSdjW6a+Wdw/zVIv/2oOtSrrkbCbwj5+iS\njLL9jQKCAQAE/w/cYVf64r7gdfIkFfr5xhtXfCGWxPKtOCzyIebH/1rrD0JY/Q0A\n+/Jz7Z3xGubRiit+zsLyobi+o9Vcg9+0e4cr+4035CnRtC7wTOuRqAfGMuMHTSp9\nAbXP/TaaRQ6CibC7RcdYdGhEAcHuQZgLzypsSrbF1EhxqlLWY0r/uUgbHz1IsCT1\nn4R1JVFUF5OZ/3snSJPmwvUkgu3Qr8tX3ku5ipoydB9VBrwknLB1cP7NTIJXIAmZ\nKDRiqitdQWRG/6SbxQN6piQh0ZwzDKFXn3MA7gLpNHTcyJ4mWXGTLuzP+kIltOMO\neET0Z36IBO4IHipOgmiOGRbBpDRV9CTlAoIBAHf5AQ2eGxvWkoVLYTnDTwU0kl/W\nvM/MI+O7NGIK3m/d1aAlRzXouiwiW6ogZZ6r7DPc3w7xnt0o1vXm40+DMzBlXUfE\nkwMbWUfH5YXG0aTyeh0g4R4HspiOjrma/MQ0CRiiPhi0lGPyBrC0Oi5AV44RMyac\nGDch0FxF5vlyNeuZwduFu+2/N/8glCI91sAqg1FAq+Hht8ZQVAcPxiypWzHrAWrh\n8zHHNLcdSHh0g1LpN5P78jOeE2jSwcwhK0zprAk9co4XkPtYxidIXUZ/em11DaM3\nx5eeUKCwZJHu0l6wgjxZtL2FhtR/HBFTu2u5Dc+a2biRptK3Z/n88fLoTFc=\n-----END RSA PRIVATE KEY-----\n",
            "content_base64": null,
            "directory_permission": "0777",
            "file_permission": "0600",
            "filename": "../.keys/.ssh/gp-machine",
            "id": "24319b87df2b587cb863caee700631ccb5b43bb3",
            "sensitive_content": null,
            "source": null
          },
          "sensitive_attributes": [
            [
              {
                "type": "get_attr",
                "value": "content"
              }
            ]
          ],
          "private": "bnVsbA==",
          "dependencies": [
            "tls_private_key.ssh"
          ]
        }
      ]
    },
    {
      "mode": "managed",
      "type": "tls_private_key",
      "name": "ssh",
      "provider": "provider[\"registry.terraform.io/hashicorp/tls\"]",
      "instances": [
        {
          "schema_version": 0,
          "attributes": {
            "algorithm": "RSA",
            "ecdsa_curve": "P224",
            "id": "ff448fb7d94d6862d91029845add0da723e05fc0",
            "private_key_pem": "-----BEGIN RSA PRIVATE KEY-----\nMIIJKAIBAAKCAgEAv5XpRB63N71Ewj6Tp4SSun7qH+qLJT89XzkDka7VH5Og8a8L\nFOc+log8uYqHE9QD127a7m/w0CWDw0Hz7iHGxwceIcD38DXWi5Yl+BB+MQr6Mlve\nuSsqXEdQJiF98LZnek8dsfl/IQPRyrRdIuth9gk4W9pwWEmkkS00lSCu/XJjfvvw\n+UnMFc4+73nsL8YzpwGjHcgP4o36K8LJPqljr7Y4b5T+qljq0NeF1oH/iF6U99Fe\nFptoRYa4pVcFMw0oveW5jF1IMIzTuYFzegN4mKf/V0jH9vmKRINuEOJReGKrQrwW\n0YdRkp2kIns4llftWZ2gs8JhWQtf3USYzepbHQ0WrS6Ioi1/ulEsr+mjkRtpca6J\nfko0L+YzRu9eOZ7iI5E045OHcUc6PueKH13eXiBmNePR3yhDRLdFTc7ip6sBNI0m\niVxS6IlmJK+ieJZn/xy4Ve2r1xWhU5DDP//2yhjIGOGZlem/WGruVbJCtf75LnfF\nftu86CWUFPFumle/rcEkiZJWQK4VRs7+ST4Ps2biyHO9rVjSjIAFksySSubPYf0d\nDQJ7CXR6EVB1DSkuVPBKXlnxQ8kkcOfNFMFloqSPIbz6K7Hnkg8kksO+eJiQK36Q\n4Klximrgh3uadRiXQhHzfYF2Z9UqwaErxoZBasLVXdOQIRaubuRtjuL2rRECAwEA\nAQKCAgEAta8uxaDzU3Kz8Blz4RsCIsYUtSuxxSLRyqnAzrkj94wCxu+e7LXXTt3n\n6HSMYKtg8T55dEDH+Dx7VgIHl76ESV5gntXmyu/jhABiBXtukIe+eV9SOfvLcjNW\nuLJuQoZYX08D9DGM8/wxSa/92w2pmq9nuQPQIonD/MEH6pxSFpwR6ux1u5LWbZ9n\nY6cV6sBlX21YCPgeyFSn+DQCsN/mX03I+1gqodUs6dxZWfFyKRq43sK4HWxHWBfI\np1N85MsH5f4jFg+oVBJY/sTag80i4nH+3gFxUK+ZBhw1luFpLWc0zlactRtEqmvA\nqcp9AWZk+eVX7uDZfJ4izS0uU6h5udED8YiQ5iaVuwrr+mGwqQAgedJJAEma/hze\nMNOvZ0xh0RYBRioG07mSUhzWwvE0rXIuoUlXf4dlrbnEvx3faE04JC0aCmLuGfSh\nLt4wvCExRBx8ibD+oFwh2VlQpvj6q7oFsofhz2vwO1N/lAs2FnFYltyeKXQz4s0r\nsP1Rs1P/QKvs0D2f2T2B/BkfJ1ajdTLRHNlX19OzU8qRbwW7v93BYngRldZn3Yez\nPuhYflJO1qb639Uao3LXKL9tfFMbK7Ss9HcU0F6Rh4FjDxhiDsnGsKFtAa/1/jM6\n/PSomlVqDSgPtHi+cXO9Zx+Iwpt43nBD1tERWeSLjsbkN1Y9a9kCggEBANnJGR2+\nNzoP7cBRLtWOlxzpLuHCRybxCev0KqzMwrOfIpOxGBmcit8jJOS83ZLnrwwKhr6K\nvrBm7ehxbDJ9ZnpiLr09hdd/p6tSkMrwrYDCzpbk2fUFgY2GcFiMIU8wl7yoe6B2\nhMyKromvkOFPIy8QyeuWSY90JwWF7+saHmdFLFutl9s8nzk2vG7RaOm+m2tuohfj\nGZK3TqssMOKyybPttla2pHsZmyD/PumEmKb9tT2hI+dxJURLNgC0S/CD+7E1YSom\n6yYkjt/LRoH8cfUfWSFXsazyBmPA8fMrb6YOB9NQglc/EL50b5QIMDu3ZAnJestJ\nwo725t0rjx/u3A8CggEBAOEz6hHRlP4D1OZwb6GmZKqfXC/MEtJRPrV/gDr0il6/\nXnHFFu6jvXQE1Kpxtzxc8wx/p29Rps3DUtCQX9dewyTWvVxizvSfdv9L0k7aTIOg\neNJW1y+Scy11wZ6j2HhegjesEF4b7WDK9HPbA+A5c2TsUk2rUti/QXzKNlqFWZ7c\nZ5kP6tv7XDe4iAosGZoKgpDquQECUkhWm4yDZxtlxXyXWFtCgcVADOEGMS766BP5\ntFfpZmfyCsY3NETDcDqWRzMLjRn9wULWlgBOh1W201Lj8JKqZ2OKwHuBv7rpGRyc\nWItH219B+6lBv1OIyr4OckZ2Cfp95ggJTk1JPUx/RN8CggEAFbn0IX16cPZp14fB\nzlg9RwsUPD1vb7kYLkvbfgWnXtf/URCXwOZXDE+rPI6C5EbstZzPOG8K+vopvcii\n7J6J/KeS1hovIgKALZ09CKHeDTxh87e87q6v7/h7eLnyEL5eRNniC24HbYhgRSgY\nogGNFwLrwe7qQ79orSphdujSI6dI95Rn091GXSTSw5NsjfUP+DW/QfbL9FEJLhZo\nghUn/iU2zYvG+OjjCvWrxwwNVot060MKG+qztw5xwrw53zKrh1A180iSqOl4v2a+\nD/WpQLTx5VukRAaZEJaNDJ9GsiAwM6qSdjW6a+Wdw/zVIv/2oOtSrrkbCbwj5+iS\njLL9jQKCAQAE/w/cYVf64r7gdfIkFfr5xhtXfCGWxPKtOCzyIebH/1rrD0JY/Q0A\n+/Jz7Z3xGubRiit+zsLyobi+o9Vcg9+0e4cr+4035CnRtC7wTOuRqAfGMuMHTSp9\nAbXP/TaaRQ6CibC7RcdYdGhEAcHuQZgLzypsSrbF1EhxqlLWY0r/uUgbHz1IsCT1\nn4R1JVFUF5OZ/3snSJPmwvUkgu3Qr8tX3ku5ipoydB9VBrwknLB1cP7NTIJXIAmZ\nKDRiqitdQWRG/6SbxQN6piQh0ZwzDKFXn3MA7gLpNHTcyJ4mWXGTLuzP+kIltOMO\neET0Z36IBO4IHipOgmiOGRbBpDRV9CTlAoIBAHf5AQ2eGxvWkoVLYTnDTwU0kl/W\nvM/MI+O7NGIK3m/d1aAlRzXouiwiW6ogZZ6r7DPc3w7xnt0o1vXm40+DMzBlXUfE\nkwMbWUfH5YXG0aTyeh0g4R4HspiOjrma/MQ0CRiiPhi0lGPyBrC0Oi5AV44RMyac\nGDch0FxF5vlyNeuZwduFu+2/N/8glCI91sAqg1FAq+Hht8ZQVAcPxiypWzHrAWrh\n8zHHNLcdSHh0g1LpN5P78jOeE2jSwcwhK0zprAk9co4XkPtYxidIXUZ/em11DaM3\nx5eeUKCwZJHu0l6wgjxZtL2FhtR/HBFTu2u5Dc+a2biRptK3Z/n88fLoTFc=\n-----END RSA PRIVATE KEY-----\n",
            "public_key_fingerprint_md5": "0f:b5:09:78:1b:9d:59:7c:62:b8:1a:da:da:30:2b:4e",
            "public_key_openssh": "ssh-rsa AAAAB3NzaC1yc2EAAAADAQABAAACAQC/lelEHrc3vUTCPpOnhJK6fuof6oslPz1fOQORrtUfk6DxrwsU5z6WiDy5iocT1APXbtrub/DQJYPDQfPuIcbHBx4hwPfwNdaLliX4EH4xCvoyW965KypcR1AmIX3wtmd6Tx2x+X8hA9HKtF0i62H2CThb2nBYSaSRLTSVIK79cmN++/D5ScwVzj7veewvxjOnAaMdyA/ijforwsk+qWOvtjhvlP6qWOrQ14XWgf+IXpT30V4Wm2hFhrilVwUzDSi95bmMXUgwjNO5gXN6A3iYp/9XSMf2+YpEg24Q4lF4YqtCvBbRh1GSnaQieziWV+1ZnaCzwmFZC1/dRJjN6lsdDRatLoiiLX+6USyv6aORG2lxrol+SjQv5jNG7145nuIjkTTjk4dxRzo+54ofXd5eIGY149HfKENEt0VNzuKnqwE0jSaJXFLoiWYkr6J4lmf/HLhV7avXFaFTkMM///bKGMgY4ZmV6b9Yau5VskK1/vkud8V+27zoJZQU8W6aV7+twSSJklZArhVGzv5JPg+zZuLIc72tWNKMgAWSzJJK5s9h/R0NAnsJdHoRUHUNKS5U8EpeWfFDySRw580UwWWipI8hvPorseeSDySSw754mJArfpDgqXGKauCHe5p1GJdCEfN9gXZn1SrBoSvGhkFqwtVd05AhFq5u5G2O4vatEQ==\n",
            "public_key_pem": "-----BEGIN PUBLIC KEY-----\nMIICIjANBgkqhkiG9w0BAQEFAAOCAg8AMIICCgKCAgEAv5XpRB63N71Ewj6Tp4SS\nun7qH+qLJT89XzkDka7VH5Og8a8LFOc+log8uYqHE9QD127a7m/w0CWDw0Hz7iHG\nxwceIcD38DXWi5Yl+BB+MQr6MlveuSsqXEdQJiF98LZnek8dsfl/IQPRyrRdIuth\n9gk4W9pwWEmkkS00lSCu/XJjfvvw+UnMFc4+73nsL8YzpwGjHcgP4o36K8LJPqlj\nr7Y4b5T+qljq0NeF1oH/iF6U99FeFptoRYa4pVcFMw0oveW5jF1IMIzTuYFzegN4\nmKf/V0jH9vmKRINuEOJReGKrQrwW0YdRkp2kIns4llftWZ2gs8JhWQtf3USYzepb\nHQ0WrS6Ioi1/ulEsr+mjkRtpca6Jfko0L+YzRu9eOZ7iI5E045OHcUc6PueKH13e\nXiBmNePR3yhDRLdFTc7ip6sBNI0miVxS6IlmJK+ieJZn/xy4Ve2r1xWhU5DDP//2\nyhjIGOGZlem/WGruVbJCtf75LnfFftu86CWUFPFumle/rcEkiZJWQK4VRs7+ST4P\ns2biyHO9rVjSjIAFksySSubPYf0dDQJ7CXR6EVB1DSkuVPBKXlnxQ8kkcOfNFMFl\noqSPIbz6K7Hnkg8kksO+eJiQK36Q4Klximrgh3uadRiXQhHzfYF2Z9UqwaErxoZB\nasLVXdOQIRaubuRtjuL2rRECAwEAAQ==\n-----END PUBLIC KEY-----\n",
            "rsa_bits": 4096
          },
          "sensitive_attributes": [],
          "private": "bnVsbA=="
        }
      ]
    }
  ]
}
